
Microsoft Visual Studio Solution File, Format Version 12.00
Project("{FAE04EC0-301F-11D3-BF4B-00C04F79EFBC}") = "VirtualMachine", "VirtualMachine.csproj", "{3A67D5A8-FB83-4BF2-B03A-A51A4D75655C}"
EndProject
Global
	GlobalSection(SolutionConfigurationPlatforms) = preSolution
		Debug|Any CPU = Debug|Any CPU
		Release|Any CPU = Release|Any CPU
	EndGlobalSection
	GlobalSection(ProjectConfigurationPlatforms) = postSolution
		{3A67D5A8-FB83-4BF2-B03A-A51A4D75655C}.Debug|Any CPU.ActiveCfg = Debug|Any CPU
		{3A67D5A8-FB83-4BF2-B03A-A51A4D75655C}.Debug|Any CPU.Build.0 = Debug|Any CPU
		{3A67D5A8-FB83-4BF2-B03A-A51A4D75655C}.Release|Any CPU.ActiveCfg = Release|Any CPU
		{3A67D5A8-FB83-4BF2-B03A-A51A4D75655C}.Release|Any CPU.Build.0 = Release|Any CPU
	EndGlobalSection
EndGlobal
